
Microsoft Visual Studio Solution File, Format Version 12.00
# Visual Studio Version 17
VisualStudioVersion = 17.5.33414.496
MinimumVisualStudioVersion = 10.0.40219.1
Project("{8BC9CEB8-8B4A-11D0-8D11-00A0C91BC942}") = "ALL_BUILD", "ALL_BUILD.vcxproj", "{16BDC315-8075-3A24-AFC3-2991D9192EF6}"
	ProjectSection(ProjectDependencies) = postProject
		{3C374EF2-6E03-30AA-87BF-4A2BEB202D02} = {3C374EF2-6E03-30AA-87BF-4A2BEB202D02}
		{E776DA5E-4237-3F1D-898C-D4D896AF19AD} = {E776DA5E-4237-3F1D-898C-D4D896AF19AD}
		{48D12DE6-544B-38E8-8DA5-6F47389E6206} = {48D12DE6-544B-38E8-8DA5-6F47389E6206}
		{6CC5CB45-3BBB-30A0-8D32-81B00A0E9E1C} = {6CC5CB45-3BBB-30A0-8D32-81B00A0E9E1C}
		{44D014E6-FD83-39C7-8EDB-20AA4C563B93} = {44D014E6-FD83-39C7-8EDB-20AA4C563B93}
	EndProjectSection
EndProject
Project("{8BC9CEB8-8B4A-11D0-8D11-00A0C91BC942}") = "INSTALL", "INSTALL.vcxproj", "{6C461933-61D5-3EDE-B728-D47E305A7AD2}"
	ProjectSection(ProjectDependencies) = postProject
		{16BDC315-8075-3A24-AFC3-2991D9192EF6} = {16BDC315-8075-3A24-AFC3-2991D9192EF6}
		{6CC5CB45-3BBB-30A0-8D32-81B00A0E9E1C} = {6CC5CB45-3BBB-30A0-8D32-81B00A0E9E1C}
	EndProjectSection
EndProject
Project("{8BC9CEB8-8B4A-11D0-8D11-00A0C91BC942}") = "PLUGINGL", "opencpn-libs\plugingl\PLUGINGL.vcxproj", "{3C374EF2-6E03-30AA-87BF-4A2BEB202D02}"
	ProjectSection(ProjectDependencies) = postProject
		{6CC5CB45-3BBB-30A0-8D32-81B00A0E9E1C} = {6CC5CB45-3BBB-30A0-8D32-81B00A0E9E1C}
	EndProjectSection
EndProject
Project("{8BC9CEB8-8B4A-11D0-8D11-00A0C91BC942}") = "SQLITE3", "opencpn-libs\sqlite\SQLITE3.vcxproj", "{E776DA5E-4237-3F1D-898C-D4D896AF19AD}"
	ProjectSection(ProjectDependencies) = postProject
		{6CC5CB45-3BBB-30A0-8D32-81B00A0E9E1C} = {6CC5CB45-3BBB-30A0-8D32-81B00A0E9E1C}
	EndProjectSection
EndProject
Project("{8BC9CEB8-8B4A-11D0-8D11-00A0C91BC942}") = "TINYXML", "opencpn-libs\tinyxml\TINYXML.vcxproj", "{48D12DE6-544B-38E8-8DA5-6F47389E6206}"
	ProjectSection(ProjectDependencies) = postProject
		{6CC5CB45-3BBB-30A0-8D32-81B00A0E9E1C} = {6CC5CB45-3BBB-30A0-8D32-81B00A0E9E1C}
	EndProjectSection
EndProject
Project("{8BC9CEB8-8B4A-11D0-8D11-00A0C91BC942}") = "ZERO_CHECK", "ZERO_CHECK.vcxproj", "{6CC5CB45-3BBB-30A0-8D32-81B00A0E9E1C}"
EndProject
Project("{8BC9CEB8-8B4A-11D0-8D11-00A0C91BC942}") = "aisRX-i18n", "aisRX-i18n.vcxproj", "{98152C5E-2572-31AB-8ADC-64A9CE33D863}"
	ProjectSection(ProjectDependencies) = postProject
		{6CC5CB45-3BBB-30A0-8D32-81B00A0E9E1C} = {6CC5CB45-3BBB-30A0-8D32-81B00A0E9E1C}
	EndProjectSection
EndProject
Project("{8BC9CEB8-8B4A-11D0-8D11-00A0C91BC942}") = "aisRX-po-update", "aisRX-po-update.vcxproj", "{3F9737DC-751C-39C1-BAFD-3E62DAB08062}"
	ProjectSection(ProjectDependencies) = postProject
		{6CC5CB45-3BBB-30A0-8D32-81B00A0E9E1C} = {6CC5CB45-3BBB-30A0-8D32-81B00A0E9E1C}
	EndProjectSection
EndProject
Project("{8BC9CEB8-8B4A-11D0-8D11-00A0C91BC942}") = "aisRX-pot-update", "aisRX-pot-update.vcxproj", "{518F13B2-0C58-380C-A01A-BC3E478E437A}"
	ProjectSection(ProjectDependencies) = postProject
		{6CC5CB45-3BBB-30A0-8D32-81B00A0E9E1C} = {6CC5CB45-3BBB-30A0-8D32-81B00A0E9E1C}
	EndProjectSection
EndProject
Project("{8BC9CEB8-8B4A-11D0-8D11-00A0C91BC942}") = "aisRX_pi", "aisRX_pi.vcxproj", "{160DD25D-DE1A-31DC-989E-D6921652C1A0}"
	ProjectSection(ProjectDependencies) = postProject
		{3C374EF2-6E03-30AA-87BF-4A2BEB202D02} = {3C374EF2-6E03-30AA-87BF-4A2BEB202D02}
		{E776DA5E-4237-3F1D-898C-D4D896AF19AD} = {E776DA5E-4237-3F1D-898C-D4D896AF19AD}
		{48D12DE6-544B-38E8-8DA5-6F47389E6206} = {48D12DE6-544B-38E8-8DA5-6F47389E6206}
		{6CC5CB45-3BBB-30A0-8D32-81B00A0E9E1C} = {6CC5CB45-3BBB-30A0-8D32-81B00A0E9E1C}
		{98152C5E-2572-31AB-8ADC-64A9CE33D863} = {98152C5E-2572-31AB-8ADC-64A9CE33D863}
	EndProjectSection
EndProject
Project("{8BC9CEB8-8B4A-11D0-8D11-00A0C91BC942}") = "android", "android.vcxproj", "{05BD2D18-0321-3D02-A1BA-EA6AB0203816}"
	ProjectSection(ProjectDependencies) = postProject
		{6CC5CB45-3BBB-30A0-8D32-81B00A0E9E1C} = {6CC5CB45-3BBB-30A0-8D32-81B00A0E9E1C}
		{FECD323F-3675-3513-A101-E93F489C7FA5} = {FECD323F-3675-3513-A101-E93F489C7FA5}
	EndProjectSection
EndProject
Project("{8BC9CEB8-8B4A-11D0-8D11-00A0C91BC942}") = "android-build", "android-build.vcxproj", "{A257B99E-C004-3DFD-B004-548BA272E1ED}"
	ProjectSection(ProjectDependencies) = postProject
		{6CC5CB45-3BBB-30A0-8D32-81B00A0E9E1C} = {6CC5CB45-3BBB-30A0-8D32-81B00A0E9E1C}
	EndProjectSection
EndProject
Project("{8BC9CEB8-8B4A-11D0-8D11-00A0C91BC942}") = "android-finish", "android-finish.vcxproj", "{FECD323F-3675-3513-A101-E93F489C7FA5}"
	ProjectSection(ProjectDependencies) = postProject
		{6CC5CB45-3BBB-30A0-8D32-81B00A0E9E1C} = {6CC5CB45-3BBB-30A0-8D32-81B00A0E9E1C}
		{ACDEBFB9-0EBD-30E8-9EDA-6D844573B15C} = {ACDEBFB9-0EBD-30E8-9EDA-6D844573B15C}
	EndProjectSection
EndProject
Project("{8BC9CEB8-8B4A-11D0-8D11-00A0C91BC942}") = "android-install", "android-install.vcxproj", "{ACDEBFB9-0EBD-30E8-9EDA-6D844573B15C}"
	ProjectSection(ProjectDependencies) = postProject
		{6CC5CB45-3BBB-30A0-8D32-81B00A0E9E1C} = {6CC5CB45-3BBB-30A0-8D32-81B00A0E9E1C}
		{A257B99E-C004-3DFD-B004-548BA272E1ED} = {A257B99E-C004-3DFD-B004-548BA272E1ED}
	EndProjectSection
EndProject
Project("{8BC9CEB8-8B4A-11D0-8D11-00A0C91BC942}") = "default", "default.vcxproj", "{44D014E6-FD83-39C7-8EDB-20AA4C563B93}"
	ProjectSection(ProjectDependencies) = postProject
		{6CC5CB45-3BBB-30A0-8D32-81B00A0E9E1C} = {6CC5CB45-3BBB-30A0-8D32-81B00A0E9E1C}
		{4E9CE19B-CF8C-3F46-9937-B363E4752B8F} = {4E9CE19B-CF8C-3F46-9937-B363E4752B8F}
	EndProjectSection
EndProject
Project("{8BC9CEB8-8B4A-11D0-8D11-00A0C91BC942}") = "flatpak", "flatpak.vcxproj", "{4B325A3F-1280-3FCB-B1E0-8D073D711003}"
	ProjectSection(ProjectDependencies) = postProject
		{6CC5CB45-3BBB-30A0-8D32-81B00A0E9E1C} = {6CC5CB45-3BBB-30A0-8D32-81B00A0E9E1C}
		{57A790CB-DE5F-3644-B3BF-0228A0B4B2B3} = {57A790CB-DE5F-3644-B3BF-0228A0B4B2B3}
	EndProjectSection
EndProject
Project("{8BC9CEB8-8B4A-11D0-8D11-00A0C91BC942}") = "flatpak-conf", "flatpak-conf.vcxproj", "{57A790CB-DE5F-3644-B3BF-0228A0B4B2B3}"
	ProjectSection(ProjectDependencies) = postProject
		{6CC5CB45-3BBB-30A0-8D32-81B00A0E9E1C} = {6CC5CB45-3BBB-30A0-8D32-81B00A0E9E1C}
	EndProjectSection
EndProject
Project("{8BC9CEB8-8B4A-11D0-8D11-00A0C91BC942}") = "tarball", "tarball.vcxproj", "{4E9CE19B-CF8C-3F46-9937-B363E4752B8F}"
	ProjectSection(ProjectDependencies) = postProject
		{6CC5CB45-3BBB-30A0-8D32-81B00A0E9E1C} = {6CC5CB45-3BBB-30A0-8D32-81B00A0E9E1C}
		{98152C5E-2572-31AB-8ADC-64A9CE33D863} = {98152C5E-2572-31AB-8ADC-64A9CE33D863}
		{95235506-A636-36A7-ACCF-85F3C47A03E2} = {95235506-A636-36A7-ACCF-85F3C47A03E2}
	EndProjectSection
EndProject
Project("{8BC9CEB8-8B4A-11D0-8D11-00A0C91BC942}") = "tarball-build", "tarball-build.vcxproj", "{B5B55EC9-6BA1-32BB-B2A2-FCED942D96D1}"
	ProjectSection(ProjectDependencies) = postProject
		{6CC5CB45-3BBB-30A0-8D32-81B00A0E9E1C} = {6CC5CB45-3BBB-30A0-8D32-81B00A0E9E1C}
	EndProjectSection
EndProject
Project("{8BC9CEB8-8B4A-11D0-8D11-00A0C91BC942}") = "tarball-finish", "tarball-finish.vcxproj", "{95235506-A636-36A7-ACCF-85F3C47A03E2}"
	ProjectSection(ProjectDependencies) = postProject
		{6CC5CB45-3BBB-30A0-8D32-81B00A0E9E1C} = {6CC5CB45-3BBB-30A0-8D32-81B00A0E9E1C}
		{B8FC6102-EE8C-34AE-84DA-D40DA3EFD950} = {B8FC6102-EE8C-34AE-84DA-D40DA3EFD950}
	EndProjectSection
EndProject
Project("{8BC9CEB8-8B4A-11D0-8D11-00A0C91BC942}") = "tarball-install", "tarball-install.vcxproj", "{B8FC6102-EE8C-34AE-84DA-D40DA3EFD950}"
	ProjectSection(ProjectDependencies) = postProject
		{6CC5CB45-3BBB-30A0-8D32-81B00A0E9E1C} = {6CC5CB45-3BBB-30A0-8D32-81B00A0E9E1C}
		{B5B55EC9-6BA1-32BB-B2A2-FCED942D96D1} = {B5B55EC9-6BA1-32BB-B2A2-FCED942D96D1}
	EndProjectSection
EndProject
Global
	GlobalSection(SolutionConfigurationPlatforms) = preSolution
		Debug|Win32 = Debug|Win32
		MinSizeRel|Win32 = MinSizeRel|Win32
		Release|Win32 = Release|Win32
		RelWithDebInfo|Win32 = RelWithDebInfo|Win32
	EndGlobalSection
	GlobalSection(ProjectConfigurationPlatforms) = postSolution
		{16BDC315-8075-3A24-AFC3-2991D9192EF6}.Debug|Win32.ActiveCfg = Debug|Win32
		{16BDC315-8075-3A24-AFC3-2991D9192EF6}.Debug|Win32.Build.0 = Debug|Win32
		{16BDC315-8075-3A24-AFC3-2991D9192EF6}.MinSizeRel|Win32.ActiveCfg = MinSizeRel|Win32
		{16BDC315-8075-3A24-AFC3-2991D9192EF6}.MinSizeRel|Win32.Build.0 = MinSizeRel|Win32
		{16BDC315-8075-3A24-AFC3-2991D9192EF6}.Release|Win32.ActiveCfg = Release|Win32
		{16BDC315-8075-3A24-AFC3-2991D9192EF6}.Release|Win32.Build.0 = Release|Win32
		{16BDC315-8075-3A24-AFC3-2991D9192EF6}.RelWithDebInfo|Win32.ActiveCfg = RelWithDebInfo|Win32
		{16BDC315-8075-3A24-AFC3-2991D9192EF6}.RelWithDebInfo|Win32.Build.0 = RelWithDebInfo|Win32
		{6C461933-61D5-3EDE-B728-D47E305A7AD2}.Debug|Win32.ActiveCfg = Debug|Win32
		{6C461933-61D5-3EDE-B728-D47E305A7AD2}.MinSizeRel|Win32.ActiveCfg = MinSizeRel|Win32
		{6C461933-61D5-3EDE-B728-D47E305A7AD2}.Release|Win32.ActiveCfg = Release|Win32
		{6C461933-61D5-3EDE-B728-D47E305A7AD2}.RelWithDebInfo|Win32.ActiveCfg = RelWithDebInfo|Win32
		{3C374EF2-6E03-30AA-87BF-4A2BEB202D02}.Debug|Win32.ActiveCfg = Debug|Win32
		{3C374EF2-6E03-30AA-87BF-4A2BEB202D02}.Debug|Win32.Build.0 = Debug|Win32
		{3C374EF2-6E03-30AA-87BF-4A2BEB202D02}.MinSizeRel|Win32.ActiveCfg = MinSizeRel|Win32
		{3C374EF2-6E03-30AA-87BF-4A2BEB202D02}.MinSizeRel|Win32.Build.0 = MinSizeRel|Win32
		{3C374EF2-6E03-30AA-87BF-4A2BEB202D02}.Release|Win32.ActiveCfg = Release|Win32
		{3C374EF2-6E03-30AA-87BF-4A2BEB202D02}.Release|Win32.Build.0 = Release|Win32
		{3C374EF2-6E03-30AA-87BF-4A2BEB202D02}.RelWithDebInfo|Win32.ActiveCfg = RelWithDebInfo|Win32
		{3C374EF2-6E03-30AA-87BF-4A2BEB202D02}.RelWithDebInfo|Win32.Build.0 = RelWithDebInfo|Win32
		{E776DA5E-4237-3F1D-898C-D4D896AF19AD}.Debug|Win32.ActiveCfg = Debug|Win32
		{E776DA5E-4237-3F1D-898C-D4D896AF19AD}.Debug|Win32.Build.0 = Debug|Win32
		{E776DA5E-4237-3F1D-898C-D4D896AF19AD}.MinSizeRel|Win32.ActiveCfg = MinSizeRel|Win32
		{E776DA5E-4237-3F1D-898C-D4D896AF19AD}.MinSizeRel|Win32.Build.0 = MinSizeRel|Win32
		{E776DA5E-4237-3F1D-898C-D4D896AF19AD}.Release|Win32.ActiveCfg = Release|Win32
		{E776DA5E-4237-3F1D-898C-D4D896AF19AD}.Release|Win32.Build.0 = Release|Win32
		{E776DA5E-4237-3F1D-898C-D4D896AF19AD}.RelWithDebInfo|Win32.ActiveCfg = RelWithDebInfo|Win32
		{E776DA5E-4237-3F1D-898C-D4D896AF19AD}.RelWithDebInfo|Win32.Build.0 = RelWithDebInfo|Win32
		{48D12DE6-544B-38E8-8DA5-6F47389E6206}.Debug|Win32.ActiveCfg = Debug|Win32
		{48D12DE6-544B-38E8-8DA5-6F47389E6206}.Debug|Win32.Build.0 = Debug|Win32
		{48D12DE6-544B-38E8-8DA5-6F47389E6206}.MinSizeRel|Win32.ActiveCfg = MinSizeRel|Win32
		{48D12DE6-544B-38E8-8DA5-6F47389E6206}.MinSizeRel|Win32.Build.0 = MinSizeRel|Win32
		{48D12DE6-544B-38E8-8DA5-6F47389E6206}.Release|Win32.ActiveCfg = Release|Win32
		{48D12DE6-544B-38E8-8DA5-6F47389E6206}.Release|Win32.Build.0 = Release|Win32
		{48D12DE6-544B-38E8-8DA5-6F47389E6206}.RelWithDebInfo|Win32.ActiveCfg = RelWithDebInfo|Win32
		{48D12DE6-544B-38E8-8DA5-6F47389E6206}.RelWithDebInfo|Win32.Build.0 = RelWithDebInfo|Win32
		{6CC5CB45-3BBB-30A0-8D32-81B00A0E9E1C}.Debug|Win32.ActiveCfg = Debug|Win32
		{6CC5CB45-3BBB-30A0-8D32-81B00A0E9E1C}.Debug|Win32.Build.0 = Debug|Win32
		{6CC5CB45-3BBB-30A0-8D32-81B00A0E9E1C}.MinSizeRel|Win32.ActiveCfg = MinSizeRel|Win32
		{6CC5CB45-3BBB-30A0-8D32-81B00A0E9E1C}.MinSizeRel|Win32.Build.0 = MinSizeRel|Win32
		{6CC5CB45-3BBB-30A0-8D32-81B00A0E9E1C}.Release|Win32.ActiveCfg = Release|Win32
		{6CC5CB45-3BBB-30A0-8D32-81B00A0E9E1C}.Release|Win32.Build.0 = Release|Win32
		{6CC5CB45-3BBB-30A0-8D32-81B00A0E9E1C}.RelWithDebInfo|Win32.ActiveCfg = RelWithDebInfo|Win32
		{6CC5CB45-3BBB-30A0-8D32-81B00A0E9E1C}.RelWithDebInfo|Win32.Build.0 = RelWithDebInfo|Win32
		{98152C5E-2572-31AB-8ADC-64A9CE33D863}.Debug|Win32.ActiveCfg = Debug|Win32
		{98152C5E-2572-31AB-8ADC-64A9CE33D863}.Debug|Win32.Build.0 = Debug|Win32
		{98152C5E-2572-31AB-8ADC-64A9CE33D863}.MinSizeRel|Win32.ActiveCfg = MinSizeRel|Win32
		{98152C5E-2572-31AB-8ADC-64A9CE33D863}.MinSizeRel|Win32.Build.0 = MinSizeRel|Win32
		{98152C5E-2572-31AB-8ADC-64A9CE33D863}.Release|Win32.ActiveCfg = Release|Win32
		{98152C5E-2572-31AB-8ADC-64A9CE33D863}.Release|Win32.Build.0 = Release|Win32
		{98152C5E-2572-31AB-8ADC-64A9CE33D863}.RelWithDebInfo|Win32.ActiveCfg = RelWithDebInfo|Win32
		{98152C5E-2572-31AB-8ADC-64A9CE33D863}.RelWithDebInfo|Win32.Build.0 = RelWithDebInfo|Win32
		{3F9737DC-751C-39C1-BAFD-3E62DAB08062}.Debug|Win32.ActiveCfg = Debug|Win32
		{3F9737DC-751C-39C1-BAFD-3E62DAB08062}.MinSizeRel|Win32.ActiveCfg = MinSizeRel|Win32
		{3F9737DC-751C-39C1-BAFD-3E62DAB08062}.Release|Win32.ActiveCfg = Release|Win32
		{3F9737DC-751C-39C1-BAFD-3E62DAB08062}.RelWithDebInfo|Win32.ActiveCfg = RelWithDebInfo|Win32
		{518F13B2-0C58-380C-A01A-BC3E478E437A}.Debug|Win32.ActiveCfg = Debug|Win32
		{518F13B2-0C58-380C-A01A-BC3E478E437A}.MinSizeRel|Win32.ActiveCfg = MinSizeRel|Win32
		{518F13B2-0C58-380C-A01A-BC3E478E437A}.Release|Win32.ActiveCfg = Release|Win32
		{518F13B2-0C58-380C-A01A-BC3E478E437A}.RelWithDebInfo|Win32.ActiveCfg = RelWithDebInfo|Win32
		{160DD25D-DE1A-31DC-989E-D6921652C1A0}.Debug|Win32.ActiveCfg = Debug|Win32
		{160DD25D-DE1A-31DC-989E-D6921652C1A0}.Debug|Win32.Build.0 = Debug|Win32
		{160DD25D-DE1A-31DC-989E-D6921652C1A0}.MinSizeRel|Win32.ActiveCfg = MinSizeRel|Win32
		{160DD25D-DE1A-31DC-989E-D6921652C1A0}.MinSizeRel|Win32.Build.0 = MinSizeRel|Win32
		{160DD25D-DE1A-31DC-989E-D6921652C1A0}.Release|Win32.ActiveCfg = Release|Win32
		{160DD25D-DE1A-31DC-989E-D6921652C1A0}.Release|Win32.Build.0 = Release|Win32
		{160DD25D-DE1A-31DC-989E-D6921652C1A0}.RelWithDebInfo|Win32.ActiveCfg = RelWithDebInfo|Win32
		{160DD25D-DE1A-31DC-989E-D6921652C1A0}.RelWithDebInfo|Win32.Build.0 = RelWithDebInfo|Win32
		{05BD2D18-0321-3D02-A1BA-EA6AB0203816}.Debug|Win32.ActiveCfg = Debug|Win32
		{05BD2D18-0321-3D02-A1BA-EA6AB0203816}.MinSizeRel|Win32.ActiveCfg = MinSizeRel|Win32
		{05BD2D18-0321-3D02-A1BA-EA6AB0203816}.Release|Win32.ActiveCfg = Release|Win32
		{05BD2D18-0321-3D02-A1BA-EA6AB0203816}.RelWithDebInfo|Win32.ActiveCfg = RelWithDebInfo|Win32
		{A257B99E-C004-3DFD-B004-548BA272E1ED}.Debug|Win32.ActiveCfg = Debug|Win32
		{A257B99E-C004-3DFD-B004-548BA272E1ED}.Debug|Win32.Build.0 = Debug|Win32
		{A257B99E-C004-3DFD-B004-548BA272E1ED}.MinSizeRel|Win32.ActiveCfg = MinSizeRel|Win32
		{A257B99E-C004-3DFD-B004-548BA272E1ED}.MinSizeRel|Win32.Build.0 = MinSizeRel|Win32
		{A257B99E-C004-3DFD-B004-548BA272E1ED}.Release|Win32.ActiveCfg = Release|Win32
		{A257B99E-C004-3DFD-B004-548BA272E1ED}.Release|Win32.Build.0 = Release|Win32
		{A257B99E-C004-3DFD-B004-548BA272E1ED}.RelWithDebInfo|Win32.ActiveCfg = RelWithDebInfo|Win32
		{A257B99E-C004-3DFD-B004-548BA272E1ED}.RelWithDebInfo|Win32.Build.0 = RelWithDebInfo|Win32
		{FECD323F-3675-3513-A101-E93F489C7FA5}.Debug|Win32.ActiveCfg = Debug|Win32
		{FECD323F-3675-3513-A101-E93F489C7FA5}.Debug|Win32.Build.0 = Debug|Win32
		{FECD323F-3675-3513-A101-E93F489C7FA5}.MinSizeRel|Win32.ActiveCfg = MinSizeRel|Win32
		{FECD323F-3675-3513-A101-E93F489C7FA5}.MinSizeRel|Win32.Build.0 = MinSizeRel|Win32
		{FECD323F-3675-3513-A101-E93F489C7FA5}.Release|Win32.ActiveCfg = Release|Win32
		{FECD323F-3675-3513-A101-E93F489C7FA5}.Release|Win32.Build.0 = Release|Win32
		{FECD323F-3675-3513-A101-E93F489C7FA5}.RelWithDebInfo|Win32.ActiveCfg = RelWithDebInfo|Win32
		{FECD323F-3675-3513-A101-E93F489C7FA5}.RelWithDebInfo|Win32.Build.0 = RelWithDebInfo|Win32
		{ACDEBFB9-0EBD-30E8-9EDA-6D844573B15C}.Debug|Win32.ActiveCfg = Debug|Win32
		{ACDEBFB9-0EBD-30E8-9EDA-6D844573B15C}.Debug|Win32.Build.0 = Debug|Win32
		{ACDEBFB9-0EBD-30E8-9EDA-6D844573B15C}.MinSizeRel|Win32.ActiveCfg = MinSizeRel|Win32
		{ACDEBFB9-0EBD-30E8-9EDA-6D844573B15C}.MinSizeRel|Win32.Build.0 = MinSizeRel|Win32
		{ACDEBFB9-0EBD-30E8-9EDA-6D844573B15C}.Release|Win32.ActiveCfg = Release|Win32
		{ACDEBFB9-0EBD-30E8-9EDA-6D844573B15C}.Release|Win32.Build.0 = Release|Win32
		{ACDEBFB9-0EBD-30E8-9EDA-6D844573B15C}.RelWithDebInfo|Win32.ActiveCfg = RelWithDebInfo|Win32
		{ACDEBFB9-0EBD-30E8-9EDA-6D844573B15C}.RelWithDebInfo|Win32.Build.0 = RelWithDebInfo|Win32
		{44D014E6-FD83-39C7-8EDB-20AA4C563B93}.Debug|Win32.ActiveCfg = Debug|Win32
		{44D014E6-FD83-39C7-8EDB-20AA4C563B93}.Debug|Win32.Build.0 = Debug|Win32
		{44D014E6-FD83-39C7-8EDB-20AA4C563B93}.MinSizeRel|Win32.ActiveCfg = MinSizeRel|Win32
		{44D014E6-FD83-39C7-8EDB-20AA4C563B93}.MinSizeRel|Win32.Build.0 = MinSizeRel|Win32
		{44D014E6-FD83-39C7-8EDB-20AA4C563B93}.Release|Win32.ActiveCfg = Release|Win32
		{44D014E6-FD83-39C7-8EDB-20AA4C563B93}.Release|Win32.Build.0 = Release|Win32
		{44D014E6-FD83-39C7-8EDB-20AA4C563B93}.RelWithDebInfo|Win32.ActiveCfg = RelWithDebInfo|Win32
		{44D014E6-FD83-39C7-8EDB-20AA4C563B93}.RelWithDebInfo|Win32.Build.0 = RelWithDebInfo|Win32
		{4B325A3F-1280-3FCB-B1E0-8D073D711003}.Debug|Win32.ActiveCfg = Debug|Win32
		{4B325A3F-1280-3FCB-B1E0-8D073D711003}.MinSizeRel|Win32.ActiveCfg = MinSizeRel|Win32
		{4B325A3F-1280-3FCB-B1E0-8D073D711003}.Release|Win32.ActiveCfg = Release|Win32
		{4B325A3F-1280-3FCB-B1E0-8D073D711003}.RelWithDebInfo|Win32.ActiveCfg = RelWithDebInfo|Win32
		{57A790CB-DE5F-3644-B3BF-0228A0B4B2B3}.Debug|Win32.ActiveCfg = Debug|Win32
		{57A790CB-DE5F-3644-B3BF-0228A0B4B2B3}.Debug|Win32.Build.0 = Debug|Win32
		{57A790CB-DE5F-3644-B3BF-0228A0B4B2B3}.MinSizeRel|Win32.ActiveCfg = MinSizeRel|Win32
		{57A790CB-DE5F-3644-B3BF-0228A0B4B2B3}.MinSizeRel|Win32.Build.0 = MinSizeRel|Win32
		{57A790CB-DE5F-3644-B3BF-0228A0B4B2B3}.Release|Win32.ActiveCfg = Release|Win32
		{57A790CB-DE5F-3644-B3BF-0228A0B4B2B3}.Release|Win32.Build.0 = Release|Win32
		{57A790CB-DE5F-3644-B3BF-0228A0B4B2B3}.RelWithDebInfo|Win32.ActiveCfg = RelWithDebInfo|Win32
		{57A790CB-DE5F-3644-B3BF-0228A0B4B2B3}.RelWithDebInfo|Win32.Build.0 = RelWithDebInfo|Win32
		{4E9CE19B-CF8C-3F46-9937-B363E4752B8F}.Debug|Win32.ActiveCfg = Debug|Win32
		{4E9CE19B-CF8C-3F46-9937-B363E4752B8F}.Debug|Win32.Build.0 = Debug|Win32
		{4E9CE19B-CF8C-3F46-9937-B363E4752B8F}.MinSizeRel|Win32.ActiveCfg = MinSizeRel|Win32
		{4E9CE19B-CF8C-3F46-9937-B363E4752B8F}.MinSizeRel|Win32.Build.0 = MinSizeRel|Win32
		{4E9CE19B-CF8C-3F46-9937-B363E4752B8F}.Release|Win32.ActiveCfg = Release|Win32
		{4E9CE19B-CF8C-3F46-9937-B363E4752B8F}.Release|Win32.Build.0 = Release|Win32
		{4E9CE19B-CF8C-3F46-9937-B363E4752B8F}.RelWithDebInfo|Win32.ActiveCfg = RelWithDebInfo|Win32
		{4E9CE19B-CF8C-3F46-9937-B363E4752B8F}.RelWithDebInfo|Win32.Build.0 = RelWithDebInfo|Win32
		{B5B55EC9-6BA1-32BB-B2A2-FCED942D96D1}.Debug|Win32.ActiveCfg = Debug|Win32
		{B5B55EC9-6BA1-32BB-B2A2-FCED942D96D1}.Debug|Win32.Build.0 = Debug|Win32
		{B5B55EC9-6BA1-32BB-B2A2-FCED942D96D1}.MinSizeRel|Win32.ActiveCfg = MinSizeRel|Win32
		{B5B55EC9-6BA1-32BB-B2A2-FCED942D96D1}.MinSizeRel|Win32.Build.0 = MinSizeRel|Win32
		{B5B55EC9-6BA1-32BB-B2A2-FCED942D96D1}.Release|Win32.ActiveCfg = Release|Win32
		{B5B55EC9-6BA1-32BB-B2A2-FCED942D96D1}.Release|Win32.Build.0 = Release|Win32
		{B5B55EC9-6BA1-32BB-B2A2-FCED942D96D1}.RelWithDebInfo|Win32.ActiveCfg = RelWithDebInfo|Win32
		{B5B55EC9-6BA1-32BB-B2A2-FCED942D96D1}.RelWithDebInfo|Win32.Build.0 = RelWithDebInfo|Win32
		{95235506-A636-36A7-ACCF-85F3C47A03E2}.Debug|Win32.ActiveCfg = Debug|Win32
		{95235506-A636-36A7-ACCF-85F3C47A03E2}.Debug|Win32.Build.0 = Debug|Win32
		{95235506-A636-36A7-ACCF-85F3C47A03E2}.MinSizeRel|Win32.ActiveCfg = MinSizeRel|Win32
		{95235506-A636-36A7-ACCF-85F3C47A03E2}.MinSizeRel|Win32.Build.0 = MinSizeRel|Win32
		{95235506-A636-36A7-ACCF-85F3C47A03E2}.Release|Win32.ActiveCfg = Release|Win32
		{95235506-A636-36A7-ACCF-85F3C47A03E2}.Release|Win32.Build.0 = Release|Win32
		{95235506-A636-36A7-ACCF-85F3C47A03E2}.RelWithDebInfo|Win32.ActiveCfg = RelWithDebInfo|Win32
		{95235506-A636-36A7-ACCF-85F3C47A03E2}.RelWithDebInfo|Win32.Build.0 = RelWithDebInfo|Win32
		{B8FC6102-EE8C-34AE-84DA-D40DA3EFD950}.Debug|Win32.ActiveCfg = Debug|Win32
		{B8FC6102-EE8C-34AE-84DA-D40DA3EFD950}.Debug|Win32.Build.0 = Debug|Win32
		{B8FC6102-EE8C-34AE-84DA-D40DA3EFD950}.MinSizeRel|Win32.ActiveCfg = MinSizeRel|Win32
		{B8FC6102-EE8C-34AE-84DA-D40DA3EFD950}.MinSizeRel|Win32.Build.0 = MinSizeRel|Win32
		{B8FC6102-EE8C-34AE-84DA-D40DA3EFD950}.Release|Win32.ActiveCfg = Release|Win32
		{B8FC6102-EE8C-34AE-84DA-D40DA3EFD950}.Release|Win32.Build.0 = Release|Win32
		{B8FC6102-EE8C-34AE-84DA-D40DA3EFD950}.RelWithDebInfo|Win32.ActiveCfg = RelWithDebInfo|Win32
		{B8FC6102-EE8C-34AE-84DA-D40DA3EFD950}.RelWithDebInfo|Win32.Build.0 = RelWithDebInfo|Win32
	EndGlobalSection
	GlobalSection(SolutionProperties) = preSolution
		HideSolutionNode = FALSE
	EndGlobalSection
	GlobalSection(ExtensibilityGlobals) = postSolution
		SolutionGuid = {21A6ABAE-78A2-3EE0-A10B-0E9C1FEE3505}
	EndGlobalSection
EndGlobal
